
Microsoft Visual Studio Solution File, Format Version 12.00
# Visual Studio Version 17
VisualStudioVersion = 17.9.34714.143
MinimumVisualStudioVersion = 10.0.40219.1
Project("{FAE04EC0-301F-11D3-BF4B-00C04F79EFBC}") = "TestJwtApiApplication1", "TestJwtApiApplication1\TestJwtApiApplication1.csproj", "{F4AC7FF1-D70C-4D1D-BD2A-CF760708F0BA}"
EndProject
Global
	GlobalSection(SolutionConfigurationPlatforms) = preSolution
		Debug|Any CPU = Debug|Any CPU
		Release|Any CPU = Release|Any CPU
	EndGlobalSection
	GlobalSection(ProjectConfigurationPlatforms) = postSolution
		{F4AC7FF1-D70C-4D1D-BD2A-CF760708F0BA}.Debug|Any CPU.ActiveCfg = Debug|Any CPU
		{F4AC7FF1-D70C-4D1D-BD2A-CF760708F0BA}.Debug|Any CPU.Build.0 = Debug|Any CPU
		{F4AC7FF1-D70C-4D1D-BD2A-CF760708F0BA}.Release|Any CPU.ActiveCfg = Release|Any CPU
		{F4AC7FF1-D70C-4D1D-BD2A-CF760708F0BA}.Release|Any CPU.Build.0 = Release|Any CPU
	EndGlobalSection
	GlobalSection(SolutionProperties) = preSolution
		HideSolutionNode = FALSE
	EndGlobalSection
	GlobalSection(ExtensibilityGlobals) = postSolution
		SolutionGuid = {A2294B27-FE0C-4451-B174-5B288ABAAE47}
	EndGlobalSection
EndGlobal
